// !$*UTF8*$!
{
	archiveVersion = 1;
	classes = {
	};
	objectVersion = 51;
	objects = {

/* Begin PBXBuildFile section */
		8CC34C9E5319BA5C08DCF18F /* Pods_AdmobNativeAds.framework in Frameworks */ = {isa = PBXBuildFile; fileRef = A80065EED7333862A97E961B /* Pods_AdmobNativeAds.framework */; };
		8E40DB5D24D92FD6007973B2 /* UIKitNativeAdView.xib in Resources */ = {isa = PBXBuildFile; fileRef = 8E40DB5C24D92FD6007973B2 /* UIKitNativeAdView.xib */; };
		8E40DB5F24D933C8007973B2 /* NativeAdView.swift in Sources */ = {isa = PBXBuildFile; fileRef = 8E40DB5E24D933C8007973B2 /* NativeAdView.swift */; };
		8E789AB824D923B80024D1FC /* AdMobNativeAdsApp.swift in Sources */ = {isa = PBXBuildFile; fileRef = 8E789AB724D923B80024D1FC /* AdMobNativeAdsApp.swift */; };
		8E789ABA24D923B80024D1FC /* ContentView.swift in Sources */ = {isa = PBXBuildFile; fileRef = 8E789AB924D923B80024D1FC /* ContentView.swift */; };
		8E789ABC24D923B90024D1FC /* Assets.xcassets in Resources */ = {isa = PBXBuildFile; fileRef = 8E789ABB24D923B90024D1FC /* Assets.xcassets */; };
		8E789ABF24D923B90024D1FC /* Preview Assets.xcassets in Resources */ = {isa = PBXBuildFile; fileRef = 8E789ABE24D923B90024D1FC /* Preview Assets.xcassets */; };
		8E789AC824D926600024D1FC /* AdLoader.swift in Sources */ = {isa = PBXBuildFile; fileRef = 8E789AC724D926600024D1FC /* AdLoader.swift */; };
/* End PBXBuildFile section */

/* Begin PBXFileReference section */
		0E5BF282DED8BD6320AD6718 /* Pods-AdmobNativeAds.release.xcconfig */ = {isa = PBXFileReference; includeInIndex = 1; lastKnownFileType = text.xcconfig; name = "Pods-AdmobNativeAds.release.xcconfig"; path = "Target Support Files/Pods-AdmobNativeAds/Pods-AdmobNativeAds.release.xcconfig"; sourceTree = "<group>"; };
		8E40DB5C24D92FD6007973B2 /* UIKitNativeAdView.xib */ = {isa = PBXFileReference; lastKnownFileType = file.xib; path = UIKitNativeAdView.xib; sourceTree = "<group>"; };
		8E40DB5E24D933C8007973B2 /* NativeAdView.swift */ = {isa = PBXFileReference; lastKnownFileType = sourcecode.swift; path = NativeAdView.swift; sourceTree = "<group>"; };
		8E789AB424D923B80024D1FC /* AdmobNativeAds.app */ = {isa = PBXFileReference; explicitFileType = wrapper.application; includeInIndex = 0; path = AdmobNativeAds.app; sourceTree = BUILT_PRODUCTS_DIR; };
		8E789AB724D923B80024D1FC /* AdMobNativeAdsApp.swift */ = {isa = PBXFileReference; lastKnownFileType = sourcecode.swift; path = AdMobNativeAdsApp.swift; sourceTree = "<group>"; };
		8E789AB924D923B80024D1FC /* ContentView.swift */ = {isa = PBXFileReference; lastKnownFileType = sourcecode.swift; path = ContentView.swift; sourceTree = "<group>"; };
		8E789ABB24D923B90024D1FC /* Assets.xcassets */ = {isa = PBXFileReference; lastKnownFileType = folder.assetcatalog; path = Assets.xcassets; sourceTree = "<group>"; };
		8E789ABE24D923B90024D1FC /* Preview Assets.xcassets */ = {isa = PBXFileReference; lastKnownFileType = folder.assetcatalog; path = "Preview Assets.xcassets"; sourceTree = "<group>"; };
		8E789AC024D923B90024D1FC /* Info.plist */ = {isa = PBXFileReference; lastKnownFileType = text.plist.xml; path = Info.plist; sourceTree = "<group>"; };
		8E789AC724D926600024D1FC /* AdLoader.swift */ = {isa = PBXFileReference; lastKnownFileType = sourcecode.swift; path = AdLoader.swift; sourceTree = "<group>"; };
		A613491ABEDFA2FFE592415A /* Pods-AdmobNativeAds.debug.xcconfig */ = {isa = PBXFileReference; includeInIndex = 1; lastKnownFileType = text.xcconfig; name = "Pods-AdmobNativeAds.debug.xcconfig"; path = "Target Support Files/Pods-AdmobNativeAds/Pods-AdmobNativeAds.debug.xcconfig"; sourceTree = "<group>"; };
		A80065EED7333862A97E961B /* Pods_AdmobNativeAds.framework */ = {isa = PBXFileReference; explicitFileType = wrapper.framework; includeInIndex = 0; path = Pods_AdmobNativeAds.framework; sourceTree = BUILT_PRODUCTS_DIR; };
/* End PBXFileReference section */

/* Begin PBXFrameworksBuildPhase section */
		8E789AB124D923B80024D1FC /* Frameworks */ = {
			isa = PBXFrameworksBuildPhase;
			buildActionMask = 2147483647;
			files = (
				8CC34C9E5319BA5C08DCF18F /* Pods_AdmobNativeAds.framework in Frameworks */,
			);
			runOnlyForDeploymentPostprocessing = 0;
		};
/* End PBXFrameworksBuildPhase section */

/* Begin PBXGroup section */
		53430EF77D0E9BCEAC9991A2 /* Frameworks */ = {
			isa = PBXGroup;
			children = (
				A80065EED7333862A97E961B /* Pods_AdmobNativeAds.framework */,
			);
			name = Frameworks;
			sourceTree = "<group>";
		};
		74F35982EEB436CADA9A449E /* Pods */ = {
			isa = PBXGroup;
			children = (
				A613491ABEDFA2FFE592415A /* Pods-AdmobNativeAds.debug.xcconfig */,
				0E5BF282DED8BD6320AD6718 /* Pods-AdmobNativeAds.release.xcconfig */,
			);
			path = Pods;
			sourceTree = "<group>";
		};
		8E789AAB24D923B80024D1FC = {
			isa = PBXGroup;
			children = (
				8E789AB624D923B80024D1FC /* AdmobNativeAds */,
				8E789AB524D923B80024D1FC /* Products */,
				74F35982EEB436CADA9A449E /* Pods */,
				53430EF77D0E9BCEAC9991A2 /* Frameworks */,
			);
			sourceTree = "<group>";
		};
		8E789AB524D923B80024D1FC /* Products */ = {
			isa = PBXGroup;
			children = (
				8E789AB424D923B80024D1FC /* AdmobNativeAds.app */,
			);
			name = Products;
			sourceTree = "<group>";
		};
		8E789AB624D923B80024D1FC /* AdmobNativeAds */ = {
			isa = PBXGroup;
			children = (
				8E789AC724D926600024D1FC /* AdLoader.swift */,
				8E789AB724D923B80024D1FC /* AdMobNativeAdsApp.swift */,
				8E789AB924D923B80024D1FC /* ContentView.swift */,
				8E40DB5E24D933C8007973B2 /* NativeAdView.swift */,
				8E40DB5C24D92FD6007973B2 /* UIKitNativeAdView.xib */,
				8E789AC624D924E00024D1FC /* Resources */,
			);
			path = AdmobNativeAds;
			sourceTree = "<group>";
		};
		8E789ABD24D923B90024D1FC /* Preview Content */ = {
			isa = PBXGroup;
			children = (
				8E789ABE24D923B90024D1FC /* Preview Assets.xcassets */,
			);
			path = "Preview Content";
			sourceTree = "<group>";
		};
		8E789AC624D924E00024D1FC /* Resources */ = {
			isa = PBXGroup;
			children = (
				8E789ABB24D923B90024D1FC /* Assets.xcassets */,
				8E789AC024D923B90024D1FC /* Info.plist */,
				8E789ABD24D923B90024D1FC /* Preview Content */,
			);
			name = Resources;
			sourceTree = "<group>";
		};
/* End PBXGroup section */

/* Begin PBXNativeTarget section */
		8E789AB324D923B80024D1FC /* AdmobNativeAds */ = {
			isa = PBXNativeTarget;
			buildConfigurationList = 8E789AC324D923B90024D1FC /* Build configuration list for PBXNativeTarget "AdmobNativeAds" */;
			buildPhases = (
				0DFDEBE52827EC721FECE2BE /* [CP] Check Pods Manifest.lock */,
				8E789AB024D923B80024D1FC /* Sources */,
				8E789AB124D923B80024D1FC /* Frameworks */,
				8E789AB224D923B80024D1FC /* Resources */,
				3F5A7B84CAE587B8F6FE038B /* [CP] Embed Pods Frameworks */,
			);
			buildRules = (
			);
			dependencies = (
			);
			name = AdmobNativeAds;
			productName = AdmobNativeAds;
			productReference = 8E789AB424D923B80024D1FC /* AdmobNativeAds.app */;
			productType = "com.apple.product-type.application";
		};
/* End PBXNativeTarget section */

/* Begin PBXProject section */
		8E789AAC24D923B80024D1FC /* Project object */ = {
			isa = PBXProject;
			attributes = {
				LastSwiftUpdateCheck = 1200;
				LastUpgradeCheck = 1200;
				TargetAttributes = {
					8E789AB324D923B80024D1FC = {
						CreatedOnToolsVersion = 12.0;
					};
				};
			};
			buildConfigurationList = 8E789AAF24D923B80024D1FC /* Build configuration list for PBXProject "AdmobNativeAds" */;
			compatibilityVersion = "Xcode 9.3";
			developmentRegion = en;
			hasScannedForEncodings = 0;
			knownRegions = (
				en,
				Base,
			);
			mainGroup = 8E789AAB24D923B80024D1FC;
			productRefGroup = 8E789AB524D923B80024D1FC /* Products */;
			projectDirPath = "";
			projectRoot = "";
			targets = (
				8E789AB324D923B80024D1FC /* AdmobNativeAds */,
			);
		};
/* End PBXProject section */

/* Begin PBXResourcesBuildPhase section */
		8E789AB224D923B80024D1FC /* Resources */ = {
			isa = PBXResourcesBuildPhase;
			buildActionMask = 2147483647;
			files = (
				8E40DB5D24D92FD6007973B2 /* UIKitNativeAdView.xib in Resources */,
				8E789ABF24D923B90024D1FC /* Preview Assets.xcassets in Resources */,
				8E789ABC24D923B90024D1FC /* Assets.xcassets in Resources */,
			);
			runOnlyForDeploymentPostprocessing = 0;
		};
/* End PBXResourcesBuildPhase section */

/* Begin PBXShellScriptBuildPhase section */
		0DFDEBE52827EC721FECE2BE /* [CP] Check Pods Manifest.lock */ = {
			isa = PBXShellScriptBuildPhase;
			buildActionMask = 2147483647;
			files = (
			);
			inputFileListPaths = (
			);
			inputPaths = (
				"${PODS_PODFILE_DIR_PATH}/Podfile.lock",
				"${PODS_ROOT}/Manifest.lock",
			);
			name = "[CP] Check Pods Manifest.lock";
			outputFileListPaths = (
			);
			outputPaths = (
				"$(DERIVED_FILE_DIR)/Pods-AdmobNativeAds-checkManifestLockResult.txt",
			);
			runOnlyForDeploymentPostprocessing = 0;
			shellPath = /bin/sh;
			shellScript = "diff \"${PODS_PODFILE_DIR_PATH}/Podfile.lock\" \"${PODS_ROOT}/Manifest.lock\" > /dev/null\nif [ $? != 0 ] ; then\n    # print error to STDERR\n    echo \"error: The sandbox is not in sync with the Podfile.lock. Run 'pod install' or update your CocoaPods installation.\" >&2\n    exit 1\nfi\n# This output is used by Xcode 'outputs' to avoid re-running this script phase.\necho \"SUCCESS\" > \"${SCRIPT_OUTPUT_FILE_0}\"\n";
			showEnvVarsInLog = 0;
		};
		3F5A7B84CAE587B8F6FE038B /* [CP] Embed Pods Frameworks */ = {
			isa = PBXShellScriptBuildPhase;
			buildActionMask = 2147483647;
			files = (
			);
			inputFileListPaths = (
				"${PODS_ROOT}/Target Support Files/Pods-AdmobNativeAds/Pods-AdmobNativeAds-frameworks-${CONFIGURATION}-input-files.xcfilelist",
			);
			name = "[CP] Embed Pods Frameworks";
			outputFileListPaths = (
				"${PODS_ROOT}/Target Support Files/Pods-AdmobNativeAds/Pods-AdmobNativeAds-frameworks-${CONFIGURATION}-output-files.xcfilelist",
			);
			runOnlyForDeploymentPostprocessing = 0;
			shellPath = /bin/sh;
			shellScript = "\"${PODS_ROOT}/Target Support Files/Pods-AdmobNativeAds/Pods-AdmobNativeAds-frameworks.sh\"\n";
			showEnvVarsInLog = 0;
		};
/* End PBXShellScriptBuildPhase section */

/* Begin PBXSourcesBuildPhase section */
		8E789AB024D923B80024D1FC /* Sources */ = {
			isa = PBXSourcesBuildPhase;
			buildActionMask = 2147483647;
			files = (
				8E40DB5F24D933C8007973B2 /* NativeAdView.swift in Sources */,
				8E789ABA24D923B80024D1FC /* ContentView.swift in Sources */,
				8E789AC824D926600024D1FC /* AdLoader.swift in Sources */,
				8E789AB824D923B80024D1FC /* AdMobNativeAdsApp.swift in Sources */,
			);
			runOnlyForDeploymentPostprocessing = 0;
		};
/* End PBXSourcesBuildPhase section */

/* Begin XCBuildConfiguration section */
		8E789AC124D923B90024D1FC /* Debug */ = {
			isa = XCBuildConfiguration;
			buildSettings = {
				ALWAYS_SEARCH_USER_PATHS = NO;
				CLANG_ANALYZER_NONNULL = YES;
				CLANG_ANALYZER_NUMBER_OBJECT_CONVERSION = YES_AGGRESSIVE;
				CLANG_CXX_LANGUAGE_STANDARD = "gnu++14";
				CLANG_CXX_LIBRARY = "libc++";
				CLANG_ENABLE_MODULES = YES;
				CLANG_ENABLE_OBJC_ARC = YES;
				CLANG_ENABLE_OBJC_WEAK = YES;
				CLANG_WARN_BLOCK_CAPTURE_AUTORELEASING = YES;
				CLANG_WARN_BOOL_CONVERSION = YES;
				CLANG_WARN_COMMA = YES;
				CLANG_WARN_CONSTANT_CONVERSION = YES;
				CLANG_WARN_DEPRECATED_OBJC_IMPLEMENTATIONS = YES;
				CLANG_WARN_DIRECT_OBJC_ISA_USAGE = YES_ERROR;
				CLANG_WARN_DOCUMENTATION_COMMENTS = YES;
				CLANG_WARN_EMPTY_BODY = YES;
				CLANG_WARN_ENUM_CONVERSION = YES;
				CLANG_WARN_INFINITE_RECURSION = YES;
				CLANG_WARN_INT_CONVERSION = YES;
				CLANG_WARN_NON_LITERAL_NULL_CONVERSION = YES;
				CLANG_WARN_OBJC_IMPLICIT_RETAIN_SELF = YES;
				CLANG_WARN_OBJC_LITERAL_CONVERSION = YES;
				CLANG_WARN_OBJC_ROOT_CLASS = YES_ERROR;
				CLANG_WARN_QUOTED_INCLUDE_IN_FRAMEWORK_HEADER = YES;
				CLANG_WARN_RANGE_LOOP_ANALYSIS = YES;
				CLANG_WARN_STRICT_PROTOTYPES = YES;
				CLANG_WARN_SUSPICIOUS_MOVE = YES;
				CLANG_WARN_UNGUARDED_AVAILABILITY = YES_AGGRESSIVE;
				CLANG_WARN_UNREACHABLE_CODE = YES;
				CLANG_WARN__DUPLICATE_METHOD_MATCH = YES;
				COPY_PHASE_STRIP = NO;
				DEBUG_INFORMATION_FORMAT = dwarf;
				ENABLE_STRICT_OBJC_MSGSEND = YES;
				ENABLE_TESTABILITY = YES;
				GCC_C_LANGUAGE_STANDARD = gnu11;
				GCC_DYNAMIC_NO_PIC = NO;
				GCC_NO_COMMON_BLOCKS = YES;
				GCC_OPTIMIZATION_LEVEL = 0;
				GCC_PREPROCESSOR_DEFINITIONS = (
					"DEBUG=1",
					"$(inherited)",
				);
				GCC_WARN_64_TO_32_BIT_CONVERSION = YES;
				GCC_WARN_ABOUT_RETURN_TYPE = YES_ERROR;
				GCC_WARN_UNDECLARED_SELECTOR = YES;
				GCC_WARN_UNINITIALIZED_AUTOS = YES_AGGRESSIVE;
				GCC_WARN_UNUSED_FUNCTION = YES;
				GCC_WARN_UNUSED_VARIABLE = YES;
				IPHONEOS_DEPLOYMENT_TARGET = 14.0;
				MTL_ENABLE_DEBUG_INFO = INCLUDE_SOURCE;
				MTL_FAST_MATH = YES;
				ONLY_ACTIVE_ARCH = YES;
				SDKROOT = iphoneos;
				SWIFT_ACTIVE_COMPILATION_CONDITIONS = DEBUG;
				SWIFT_OPTIMIZATION_LEVEL = "-Onone";
			};
			name = Debug;
		};
		8E789AC224D923B90024D1FC /* Release */ = {
			isa = XCBuildConfiguration;
			buildSettings = {
				ALWAYS_SEARCH_USER_PATHS = NO;
				CLANG_ANALYZER_NONNULL = YES;
				CLANG_ANALYZER_NUMBER_OBJECT_CONVERSION = YES_AGGRESSIVE;
				CLANG_CXX_LANGUAGE_STANDARD = "gnu++14";
				CLANG_CXX_LIBRARY = "libc++";
				CLANG_ENABLE_MODULES = YES;
				CLANG_ENABLE_OBJC_ARC = YES;
				CLANG_ENABLE_OBJC_WEAK = YES;
				CLANG_WARN_BLOCK_CAPTURE_AUTORELEASING = YES;
				CLANG_WARN_BOOL_CONVERSION = YES;
				CLANG_WARN_COMMA = YES;
				CLANG_WARN_CONSTANT_CONVERSION = YES;
				CLANG_WARN_DEPRECATED_OBJC_IMPLEMENTATIONS = YES;
				CLANG_WARN_DIRECT_OBJC_ISA_USAGE = YES_ERROR;
				CLANG_WARN_DOCUMENTATION_COMMENTS = YES;
				CLANG_WARN_EMPTY_BODY = YES;
				CLANG_WARN_ENUM_CONVERSION = YES;
				CLANG_WARN_INFINITE_RECURSION = YES;
				CLANG_WARN_INT_CONVERSION = YES;
				CLANG_WARN_NON_LITERAL_NULL_CONVERSION = YES;
				CLANG_WARN_OBJC_IMPLICIT_RETAIN_SELF = YES;
				CLANG_WARN_OBJC_LITERAL_CONVERSION = YES;
				CLANG_WARN_OBJC_ROOT_CLASS = YES_ERROR;
				CLANG_WARN_QUOTED_INCLUDE_IN_FRAMEWORK_HEADER = YES;
				CLANG_WARN_RANGE_LOOP_ANALYSIS = YES;
				CLANG_WARN_STRICT_PROTOTYPES = YES;
				CLANG_WARN_SUSPICIOUS_MOVE = YES;
				CLANG_WARN_UNGUARDED_AVAILABILITY = YES_AGGRESSIVE;
				CLANG_WARN_UNREACHABLE_CODE = YES;
				CLANG_WARN__DUPLICATE_METHOD_MATCH = YES;
				COPY_PHASE_STRIP = NO;
				DEBUG_INFORMATION_FORMAT = "dwarf-with-dsym";
				ENABLE_NS_ASSERTIONS = NO;
				ENABLE_STRICT_OBJC_MSGSEND = YES;
				GCC_C_LANGUAGE_STANDARD = gnu11;
				GCC_NO_COMMON_BLOCKS = YES;
				GCC_WARN_64_TO_32_BIT_CONVERSION = YES;
				GCC_WARN_ABOUT_RETURN_TYPE = YES_ERROR;
				GCC_WARN_UNDECLARED_SELECTOR = YES;
				GCC_WARN_UNINITIALIZED_AUTOS = YES_AGGRESSIVE;
				GCC_WARN_UNUSED_FUNCTION = YES;
				GCC_WARN_UNUSED_VARIABLE = YES;
				IPHONEOS_DEPLOYMENT_TARGET = 14.0;
				MTL_ENABLE_DEBUG_INFO = NO;
				MTL_FAST_MATH = YES;
				SDKROOT = iphoneos;
				SWIFT_COMPILATION_MODE = wholemodule;
				SWIFT_OPTIMIZATION_LEVEL = "-O";
				VALIDATE_PRODUCT = YES;
			};
			name = Release;
		};
		8E789AC424D923B90024D1FC /* Debug */ = {
			isa = XCBuildConfiguration;
			baseConfigurationReference = A613491ABEDFA2FFE592415A /* Pods-AdmobNativeAds.debug.xcconfig */;
			buildSettings = {
				ASSETCATALOG_COMPILER_APPICON_NAME = AppIcon;
				ASSETCATALOG_COMPILER_GLOBAL_ACCENT_COLOR_NAME = AccentColor;
				CODE_SIGN_STYLE = Automatic;
				DEVELOPMENT_ASSET_PATHS = "\"AdmobNativeAds/Preview Content\"";
				DEVELOPMENT_TEAM = JFW9B39RP7;
				ENABLE_PREVIEWS = YES;
				INFOPLIST_FILE = AdmobNativeAds/Info.plist;
				IPHONEOS_DEPLOYMENT_TARGET = 14.0;
				LD_RUNPATH_SEARCH_PATHS = (
					"$(inherited)",
					"@executable_path/Frameworks",
				);
				PRODUCT_BUNDLE_IDENTIFIER = com.yuriramocan.AdmobNativeAds;
				PRODUCT_NAME = "$(TARGET_NAME)";
				SWIFT_VERSION = 5.0;
				TARGETED_DEVICE_FAMILY = "1,2";
			};
			name = Debug;
		};
		8E789AC524D923B90024D1FC /* Release */ = {
			isa = XCBuildConfiguration;
			baseConfigurationReference = 0E5BF282DED8BD6320AD6718 /* Pods-AdmobNativeAds.release.xcconfig */;
			buildSettings = {
				ASSETCATALOG_COMPILER_APPICON_NAME = AppIcon;
				ASSETCATALOG_COMPILER_GLOBAL_ACCENT_COLOR_NAME = AccentColor;
				CODE_SIGN_STYLE = Automatic;
				DEVELOPMENT_ASSET_PATHS = "\"AdmobNativeAds/Preview Content\"";
				DEVELOPMENT_TEAM = JFW9B39RP7;
				ENABLE_PREVIEWS = YES;
				INFOPLIST_FILE = AdmobNativeAds/Info.plist;
				IPHONEOS_DEPLOYMENT_TARGET = 14.0;
				LD_RUNPATH_SEARCH_PATHS = (
					"$(inherited)",
					"@executable_path/Frameworks",
				);
				PRODUCT_BUNDLE_IDENTIFIER = com.yuriramocan.AdmobNativeAds;
				PRODUCT_NAME = "$(TARGET_NAME)";
				SWIFT_VERSION = 5.0;
				TARGETED_DEVICE_FAMILY = "1,2";
			};
			name = Release;
		};
/* End XCBuildConfiguration section */

/* Begin XCConfigurationList section */
		8E789AAF24D923B80024D1FC /* Build configuration list for PBXProject "AdmobNativeAds" */ = {
			isa = XCConfigurationList;
			buildConfigurations = (
				8E789AC124D923B90024D1FC /* Debug */,
				8E789AC224D923B90024D1FC /* Release */,
			);
			defaultConfigurationIsVisible = 0;
			defaultConfigurationName = Release;
		};
		8E789AC324D923B90024D1FC /* Build configuration list for PBXNativeTarget "AdmobNativeAds" */ = {
			isa = XCConfigurationList;
			buildConfigurations = (
				8E789AC424D923B90024D1FC /* Debug */,
				8E789AC524D923B90024D1FC /* Release */,
			);
			defaultConfigurationIsVisible = 0;
			defaultConfigurationName = Release;
		};
/* End XCConfigurationList section */
	};
	rootObject = 8E789AAC24D923B80024D1FC /* Project object */;
}
